
Microsoft Visual Studio Solution File, Format Version 12.00
# Visual Studio Version 16
VisualStudioVersion = 16.0.30717.126
MinimumVisualStudioVersion = 10.0.40219.1
Project("{FAE04EC0-301F-11D3-BF4B-00C04F79EFBC}") = "CRUDApp.UWP", "CRUDApp\CRUDApp.UWP\CRUDApp.UWP.csproj", "{8A062F8A-263C-4490-8087-F5654E2A9963}"
EndProject
Project("{FAE04EC0-301F-11D3-BF4B-00C04F79EFBC}") = "CRUDApp.Android", "CRUDApp\CRUDApp.Android\CRUDApp.Android.csproj", "{99311E64-A393-429C-B621-57C27D5ACA85}"
EndProject
Project("{FAE04EC0-301F-11D3-BF4B-00C04F79EFBC}") = "CRUDApp.iOS", "CRUDApp\CRUDApp.iOS\CRUDApp.iOS.csproj", "{E270484A-7891-4F37-AAF6-7AD4B677FC80}"
EndProject
Project("{FAE04EC0-301F-11D3-BF4B-00C04F79EFBC}") = "CRUDApp", "CRUDApp\CRUDApp\CRUDApp.csproj", "{422391F9-B4AC-41B6-AB36-640407568B7C}"
EndProject
Global
	GlobalSection(SolutionConfigurationPlatforms) = preSolution
		Debug|Any CPU = Debug|Any CPU
		Debug|ARM = Debug|ARM
		Debug|iPhone = Debug|iPhone
		Debug|iPhoneSimulator = Debug|iPhoneSimulator
		Debug|x64 = Debug|x64
		Debug|x86 = Debug|x86
		Release|Any CPU = Release|Any CPU
		Release|ARM = Release|ARM
		Release|iPhone = Release|iPhone
		Release|iPhoneSimulator = Release|iPhoneSimulator
		Release|x64 = Release|x64
		Release|x86 = Release|x86
	EndGlobalSection
	GlobalSection(ProjectConfigurationPlatforms) = postSolution
		{8A062F8A-263C-4490-8087-F5654E2A9963}.Debug|Any CPU.ActiveCfg = Debug|x86
		{8A062F8A-263C-4490-8087-F5654E2A9963}.Debug|Any CPU.Build.0 = Debug|x86
		{8A062F8A-263C-4490-8087-F5654E2A9963}.Debug|Any CPU.Deploy.0 = Debug|x86
		{8A062F8A-263C-4490-8087-F5654E2A9963}.Debug|ARM.ActiveCfg = Debug|ARM
		{8A062F8A-263C-4490-8087-F5654E2A9963}.Debug|ARM.Build.0 = Debug|ARM
		{8A062F8A-263C-4490-8087-F5654E2A9963}.Debug|ARM.Deploy.0 = Debug|ARM
		{8A062F8A-263C-4490-8087-F5654E2A9963}.Debug|iPhone.ActiveCfg = Debug|x86
		{8A062F8A-263C-4490-8087-F5654E2A9963}.Debug|iPhone.Build.0 = Debug|x86
		{8A062F8A-263C-4490-8087-F5654E2A9963}.Debug|iPhone.Deploy.0 = Debug|x86
		{8A062F8A-263C-4490-8087-F5654E2A9963}.Debug|iPhoneSimulator.ActiveCfg = Debug|x86
		{8A062F8A-263C-4490-8087-F5654E2A9963}.Debug|iPhoneSimulator.Build.0 = Debug|x86
		{8A062F8A-263C-4490-8087-F5654E2A9963}.Debug|iPhoneSimulator.Deploy.0 = Debug|x86
		{8A062F8A-263C-4490-8087-F5654E2A9963}.Debug|x64.ActiveCfg = Debug|x64
		{8A062F8A-263C-4490-8087-F5654E2A9963}.Debug|x64.Build.0 = Debug|x64
		{8A062F8A-263C-4490-8087-F5654E2A9963}.Debug|x64.Deploy.0 = Debug|x64
		{8A062F8A-263C-4490-8087-F5654E2A9963}.Debug|x86.ActiveCfg = Debug|x86
		{8A062F8A-263C-4490-8087-F5654E2A9963}.Debug|x86.Build.0 = Debug|x86
		{8A062F8A-263C-4490-8087-F5654E2A9963}.Debug|x86.Deploy.0 = Debug|x86
		{8A062F8A-263C-4490-8087-F5654E2A9963}.Release|Any CPU.ActiveCfg = Release|x86
		{8A062F8A-263C-4490-8087-F5654E2A9963}.Release|Any CPU.Build.0 = Release|x86
		{8A062F8A-263C-4490-8087-F5654E2A9963}.Release|Any CPU.Deploy.0 = Release|x86
		{8A062F8A-263C-4490-8087-F5654E2A9963}.Release|ARM.ActiveCfg = Release|ARM
		{8A062F8A-263C-4490-8087-F5654E2A9963}.Release|ARM.Build.0 = Release|ARM
		{8A062F8A-263C-4490-8087-F5654E2A9963}.Release|ARM.Deploy.0 = Release|ARM
		{8A062F8A-263C-4490-8087-F5654E2A9963}.Release|iPhone.ActiveCfg = Release|x86
		{8A062F8A-263C-4490-8087-F5654E2A9963}.Release|iPhone.Build.0 = Release|x86
		{8A062F8A-263C-4490-8087-F5654E2A9963}.Release|iPhone.Deploy.0 = Release|x86
		{8A062F8A-263C-4490-8087-F5654E2A9963}.Release|iPhoneSimulator.ActiveCfg = Release|x86
		{8A062F8A-263C-4490-8087-F5654E2A9963}.Release|iPhoneSimulator.Build.0 = Release|x86
		{8A062F8A-263C-4490-8087-F5654E2A9963}.Release|iPhoneSimulator.Deploy.0 = Release|x86
		{8A062F8A-263C-4490-8087-F5654E2A9963}.Release|x64.ActiveCfg = Release|x64
		{8A062F8A-263C-4490-8087-F5654E2A9963}.Release|x64.Build.0 = Release|x64
		{8A062F8A-263C-4490-8087-F5654E2A9963}.Release|x64.Deploy.0 = Release|x64
		{8A062F8A-263C-4490-8087-F5654E2A9963}.Release|x86.ActiveCfg = Release|x86
		{8A062F8A-263C-4490-8087-F5654E2A9963}.Release|x86.Build.0 = Release|x86
		{8A062F8A-263C-4490-8087-F5654E2A9963}.Release|x86.Deploy.0 = Release|x86
		{99311E64-A393-429C-B621-57C27D5ACA85}.Debug|Any CPU.ActiveCfg = Debug|Any CPU
		{99311E64-A393-429C-B621-57C27D5ACA85}.Debug|Any CPU.Build.0 = Debug|Any CPU
		{99311E64-A393-429C-B621-57C27D5ACA85}.Debug|Any CPU.Deploy.0 = Debug|Any CPU
		{99311E64-A393-429C-B621-57C27D5ACA85}.Debug|ARM.ActiveCfg = Debug|Any CPU
		{99311E64-A393-429C-B621-57C27D5ACA85}.Debug|ARM.Build.0 = Debug|Any CPU
		{99311E64-A393-429C-B621-57C27D5ACA85}.Debug|ARM.Deploy.0 = Debug|Any CPU
		{99311E64-A393-429C-B621-57C27D5ACA85}.Debug|iPhone.ActiveCfg = Debug|Any CPU
		{99311E64-A393-429C-B621-57C27D5ACA85}.Debug|iPhone.Build.0 = Debug|Any CPU
		{99311E64-A393-429C-B621-57C27D5ACA85}.Debug|iPhone.Deploy.0 = Debug|Any CPU
		{99311E64-A393-429C-B621-57C27D5ACA85}.Debug|iPhoneSimulator.ActiveCfg = Debug|Any CPU
		{99311E64-A393-429C-B621-57C27D5ACA85}.Debug|iPhoneSimulator.Build.0 = Debug|Any CPU
		{99311E64-A393-429C-B621-57C27D5ACA85}.Debug|iPhoneSimulator.Deploy.0 = Debug|Any CPU
		{99311E64-A393-429C-B621-57C27D5ACA85}.Debug|x64.ActiveCfg = Debug|Any CPU
		{99311E64-A393-429C-B621-57C27D5ACA85}.Debug|x64.Build.0 = Debug|Any CPU
		{99311E64-A393-429C-B621-57C27D5ACA85}.Debug|x64.Deploy.0 = Debug|Any CPU
		{99311E64-A393-429C-B621-57C27D5ACA85}.Debug|x86.ActiveCfg = Debug|Any CPU
		{99311E64-A393-429C-B621-57C27D5ACA85}.Debug|x86.Build.0 = Debug|Any CPU
		{99311E64-A393-429C-B621-57C27D5ACA85}.Debug|x86.Deploy.0 = Debug|Any CPU
		{99311E64-A393-429C-B621-57C27D5ACA85}.Release|Any CPU.ActiveCfg = Release|Any CPU
		{99311E64-A393-429C-B621-57C27D5ACA85}.Release|Any CPU.Build.0 = Release|Any CPU
		{99311E64-A393-429C-B621-57C27D5ACA85}.Release|Any CPU.Deploy.0 = Release|Any CPU
		{99311E64-A393-429C-B621-57C27D5ACA85}.Release|ARM.ActiveCfg = Release|Any CPU
		{99311E64-A393-429C-B621-57C27D5ACA85}.Release|ARM.Build.0 = Release|Any CPU
		{99311E64-A393-429C-B621-57C27D5ACA85}.Release|ARM.Deploy.0 = Release|Any CPU
		{99311E64-A393-429C-B621-57C27D5ACA85}.Release|iPhone.ActiveCfg = Release|Any CPU
		{99311E64-A393-429C-B621-57C27D5ACA85}.Release|iPhone.Build.0 = Release|Any CPU
		{99311E64-A393-429C-B621-57C27D5ACA85}.Release|iPhone.Deploy.0 = Release|Any CPU
		{99311E64-A393-429C-B621-57C27D5ACA85}.Release|iPhoneSimulator.ActiveCfg = Release|Any CPU
		{99311E64-A393-429C-B621-57C27D5ACA85}.Release|iPhoneSimulator.Build.0 = Release|Any CPU
		{99311E64-A393-429C-B621-57C27D5ACA85}.Release|iPhoneSimulator.Deploy.0 = Release|Any CPU
		{99311E64-A393-429C-B621-57C27D5ACA85}.Release|x64.ActiveCfg = Release|Any CPU
		{99311E64-A393-429C-B621-57C27D5ACA85}.Release|x64.Build.0 = Release|Any CPU
		{99311E64-A393-429C-B621-57C27D5ACA85}.Release|x64.Deploy.0 = Release|Any CPU
		{99311E64-A393-429C-B621-57C27D5ACA85}.Release|x86.ActiveCfg = Release|Any CPU
		{99311E64-A393-429C-B621-57C27D5ACA85}.Release|x86.Build.0 = Release|Any CPU
		{99311E64-A393-429C-B621-57C27D5ACA85}.Release|x86.Deploy.0 = Release|Any CPU
		{E270484A-7891-4F37-AAF6-7AD4B677FC80}.Debug|Any CPU.ActiveCfg = Debug|iPhoneSimulator
		{E270484A-7891-4F37-AAF6-7AD4B677FC80}.Debug|Any CPU.Build.0 = Debug|iPhoneSimulator
		{E270484A-7891-4F37-AAF6-7AD4B677FC80}.Debug|Any CPU.Deploy.0 = Debug|iPhoneSimulator
		{E270484A-7891-4F37-AAF6-7AD4B677FC80}.Debug|ARM.ActiveCfg = Debug|iPhone
		{E270484A-7891-4F37-AAF6-7AD4B677FC80}.Debug|ARM.Build.0 = Debug|iPhone
		{E270484A-7891-4F37-AAF6-7AD4B677FC80}.Debug|ARM.Deploy.0 = Debug|iPhone
		{E270484A-7891-4F37-AAF6-7AD4B677FC80}.Debug|iPhone.ActiveCfg = Debug|iPhone
		{E270484A-7891-4F37-AAF6-7AD4B677FC80}.Debug|iPhone.Build.0 = Debug|iPhone
		{E270484A-7891-4F37-AAF6-7AD4B677FC80}.Debug|iPhone.Deploy.0 = Debug|iPhone
		{E270484A-7891-4F37-AAF6-7AD4B677FC80}.Debug|iPhoneSimulator.ActiveCfg = Debug|iPhoneSimulator
		{E270484A-7891-4F37-AAF6-7AD4B677FC80}.Debug|iPhoneSimulator.Build.0 = Debug|iPhoneSimulator
		{E270484A-7891-4F37-AAF6-7AD4B677FC80}.Debug|iPhoneSimulator.Deploy.0 = Debug|iPhoneSimulator
		{E270484A-7891-4F37-AAF6-7AD4B677FC80}.Debug|x64.ActiveCfg = Debug|iPhoneSimulator
		{E270484A-7891-4F37-AAF6-7AD4B677FC80}.Debug|x64.Build.0 = Debug|iPhoneSimulator
		{E270484A-7891-4F37-AAF6-7AD4B677FC80}.Debug|x64.Deploy.0 = Debug|iPhoneSimulator
		{E270484A-7891-4F37-AAF6-7AD4B677FC80}.Debug|x86.ActiveCfg = Debug|iPhoneSimulator
		{E270484A-7891-4F37-AAF6-7AD4B677FC80}.Debug|x86.Build.0 = Debug|iPhoneSimulator
		{E270484A-7891-4F37-AAF6-7AD4B677FC80}.Debug|x86.Deploy.0 = Debug|iPhoneSimulator
		{E270484A-7891-4F37-AAF6-7AD4B677FC80}.Release|Any CPU.ActiveCfg = Release|iPhoneSimulator
		{E270484A-7891-4F37-AAF6-7AD4B677FC80}.Release|Any CPU.Build.0 = Release|iPhoneSimulator
		{E270484A-7891-4F37-AAF6-7AD4B677FC80}.Release|Any CPU.Deploy.0 = Release|iPhoneSimulator
		{E270484A-7891-4F37-AAF6-7AD4B677FC80}.Release|ARM.ActiveCfg = Release|iPhoneSimulator
		{E270484A-7891-4F37-AAF6-7AD4B677FC80}.Release|ARM.Build.0 = Release|iPhoneSimulator
		{E270484A-7891-4F37-AAF6-7AD4B677FC80}.Release|ARM.Deploy.0 = Release|iPhoneSimulator
		{E270484A-7891-4F37-AAF6-7AD4B677FC80}.Release|iPhone.ActiveCfg = Release|iPhone
		{E270484A-7891-4F37-AAF6-7AD4B677FC80}.Release|iPhone.Build.0 = Release|iPhone
		{E270484A-7891-4F37-AAF6-7AD4B677FC80}.Release|iPhone.Deploy.0 = Release|iPhone
		{E270484A-7891-4F37-AAF6-7AD4B677FC80}.Release|iPhoneSimulator.ActiveCfg = Release|iPhoneSimulator
		{E270484A-7891-4F37-AAF6-7AD4B677FC80}.Release|iPhoneSimulator.Build.0 = Release|iPhoneSimulator
		{E270484A-7891-4F37-AAF6-7AD4B677FC80}.Release|iPhoneSimulator.Deploy.0 = Release|iPhoneSimulator
		{E270484A-7891-4F37-AAF6-7AD4B677FC80}.Release|x64.ActiveCfg = Release|iPhoneSimulator
		{E270484A-7891-4F37-AAF6-7AD4B677FC80}.Release|x64.Build.0 = Release|iPhoneSimulator
		{E270484A-7891-4F37-AAF6-7AD4B677FC80}.Release|x64.Deploy.0 = Release|iPhoneSimulator
		{E270484A-7891-4F37-AAF6-7AD4B677FC80}.Release|x86.ActiveCfg = Release|iPhoneSimulator
		{E270484A-7891-4F37-AAF6-7AD4B677FC80}.Release|x86.Build.0 = Release|iPhoneSimulator
		{E270484A-7891-4F37-AAF6-7AD4B677FC80}.Release|x86.Deploy.0 = Release|iPhoneSimulator
		{422391F9-B4AC-41B6-AB36-640407568B7C}.Debug|Any CPU.ActiveCfg = Debug|Any CPU
		{422391F9-B4AC-41B6-AB36-640407568B7C}.Debug|Any CPU.Build.0 = Debug|Any CPU
		{422391F9-B4AC-41B6-AB36-640407568B7C}.Debug|Any CPU.Deploy.0 = Debug|Any CPU
		{422391F9-B4AC-41B6-AB36-640407568B7C}.Debug|ARM.ActiveCfg = Debug|Any CPU
		{422391F9-B4AC-41B6-AB36-640407568B7C}.Debug|ARM.Build.0 = Debug|Any CPU
		{422391F9-B4AC-41B6-AB36-640407568B7C}.Debug|ARM.Deploy.0 = Debug|Any CPU
		{422391F9-B4AC-41B6-AB36-640407568B7C}.Debug|iPhone.ActiveCfg = Debug|Any CPU
		{422391F9-B4AC-41B6-AB36-640407568B7C}.Debug|iPhone.Build.0 = Debug|Any CPU
		{422391F9-B4AC-41B6-AB36-640407568B7C}.Debug|iPhone.Deploy.0 = Debug|Any CPU
		{422391F9-B4AC-41B6-AB36-640407568B7C}.Debug|iPhoneSimulator.ActiveCfg = Debug|Any CPU
		{422391F9-B4AC-41B6-AB36-640407568B7C}.Debug|iPhoneSimulator.Build.0 = Debug|Any CPU
		{422391F9-B4AC-41B6-AB36-640407568B7C}.Debug|iPhoneSimulator.Deploy.0 = Debug|Any CPU
		{422391F9-B4AC-41B6-AB36-640407568B7C}.Debug|x64.ActiveCfg = Debug|Any CPU
		{422391F9-B4AC-41B6-AB36-640407568B7C}.Debug|x64.Build.0 = Debug|Any CPU
		{422391F9-B4AC-41B6-AB36-640407568B7C}.Debug|x64.Deploy.0 = Debug|Any CPU
		{422391F9-B4AC-41B6-AB36-640407568B7C}.Debug|x86.ActiveCfg = Debug|Any CPU
		{422391F9-B4AC-41B6-AB36-640407568B7C}.Debug|x86.Build.0 = Debug|Any CPU
		{422391F9-B4AC-41B6-AB36-640407568B7C}.Debug|x86.Deploy.0 = Debug|Any CPU
		{422391F9-B4AC-41B6-AB36-640407568B7C}.Release|Any CPU.ActiveCfg = Release|Any CPU
		{422391F9-B4AC-41B6-AB36-640407568B7C}.Release|Any CPU.Build.0 = Release|Any CPU
		{422391F9-B4AC-41B6-AB36-640407568B7C}.Release|Any CPU.Deploy.0 = Release|Any CPU
		{422391F9-B4AC-41B6-AB36-640407568B7C}.Release|ARM.ActiveCfg = Release|Any CPU
		{422391F9-B4AC-41B6-AB36-640407568B7C}.Release|ARM.Build.0 = Release|Any CPU
		{422391F9-B4AC-41B6-AB36-640407568B7C}.Release|ARM.Deploy.0 = Release|Any CPU
		{422391F9-B4AC-41B6-AB36-640407568B7C}.Release|iPhone.ActiveCfg = Release|Any CPU
		{422391F9-B4AC-41B6-AB36-640407568B7C}.Release|iPhone.Build.0 = Release|Any CPU
		{422391F9-B4AC-41B6-AB36-640407568B7C}.Release|iPhone.Deploy.0 = Release|Any CPU
		{422391F9-B4AC-41B6-AB36-640407568B7C}.Release|iPhoneSimulator.ActiveCfg = Release|Any CPU
		{422391F9-B4AC-41B6-AB36-640407568B7C}.Release|iPhoneSimulator.Build.0 = Release|Any CPU
		{422391F9-B4AC-41B6-AB36-640407568B7C}.Release|iPhoneSimulator.Deploy.0 = Release|Any CPU
		{422391F9-B4AC-41B6-AB36-640407568B7C}.Release|x64.ActiveCfg = Release|Any CPU
		{422391F9-B4AC-41B6-AB36-640407568B7C}.Release|x64.Build.0 = Release|Any CPU
		{422391F9-B4AC-41B6-AB36-640407568B7C}.Release|x64.Deploy.0 = Release|Any CPU
		{422391F9-B4AC-41B6-AB36-640407568B7C}.Release|x86.ActiveCfg = Release|Any CPU
		{422391F9-B4AC-41B6-AB36-640407568B7C}.Release|x86.Build.0 = Release|Any CPU
		{422391F9-B4AC-41B6-AB36-640407568B7C}.Release|x86.Deploy.0 = Release|Any CPU
	EndGlobalSection
	GlobalSection(SolutionProperties) = preSolution
		HideSolutionNode = FALSE
	EndGlobalSection
	GlobalSection(ExtensibilityGlobals) = postSolution
		SolutionGuid = {675D923F-31A9-4246-BBEC-7D892CBB8E88}
	EndGlobalSection
EndGlobal
